
Microsoft Visual Studio Solution File, Format Version 12.00
# Visual Studio 15
VisualStudioVersion = 15.0.26730.16
MinimumVisualStudioVersion = 10.0.40219.1
Project("{FAE04EC0-301F-11D3-BF4B-00C04F79EFBC}") = "TestTEST", "TestTEST\TestTEST.csproj", "{55805221-2664-4DFD-B896-3655B948E803}"
EndProject
Project("{FAE04EC0-301F-11D3-BF4B-00C04F79EFBC}") = "TestTEST.Tests", "TestTEST.Tests\TestTEST.Tests.csproj", "{5C7AED88-F5C1-44F9-ABB1-88E440060B3F}"
EndProject
Global
	GlobalSection(SolutionConfigurationPlatforms) = preSolution
		Debug|Any CPU = Debug|Any CPU
		Release|Any CPU = Release|Any CPU
	EndGlobalSection
	GlobalSection(ProjectConfigurationPlatforms) = postSolution
		{55805221-2664-4DFD-B896-3655B948E803}.Debug|Any CPU.ActiveCfg = Debug|Any CPU
		{55805221-2664-4DFD-B896-3655B948E803}.Debug|Any CPU.Build.0 = Debug|Any CPU
		{55805221-2664-4DFD-B896-3655B948E803}.Release|Any CPU.ActiveCfg = Release|Any CPU
		{55805221-2664-4DFD-B896-3655B948E803}.Release|Any CPU.Build.0 = Release|Any CPU
		{5C7AED88-F5C1-44F9-ABB1-88E440060B3F}.Debug|Any CPU.ActiveCfg = Debug|Any CPU
		{5C7AED88-F5C1-44F9-ABB1-88E440060B3F}.Debug|Any CPU.Build.0 = Debug|Any CPU
		{5C7AED88-F5C1-44F9-ABB1-88E440060B3F}.Release|Any CPU.ActiveCfg = Release|Any CPU
		{5C7AED88-F5C1-44F9-ABB1-88E440060B3F}.Release|Any CPU.Build.0 = Release|Any CPU
	EndGlobalSection
	GlobalSection(SolutionProperties) = preSolution
		HideSolutionNode = FALSE
	EndGlobalSection
	GlobalSection(ExtensibilityGlobals) = postSolution
		SolutionGuid = {032E2516-CFE5-4847-A826-CD7B926323BA}
	EndGlobalSection
EndGlobal
